// !$*UTF8*$!
{
	archiveVersion = 1;
	classes = {
	};
	objectVersion = 51;
	objects = {

/* Begin PBXBuildFile section */
		9203E16D268384AE00BEB61D /* MainListCVC.swift in Sources */ = {isa = PBXBuildFile; fileRef = 9203E16C268384AE00BEB61D /* MainListCVC.swift */; };
		922A553A267F96480003A047 /* AppDelegate.swift in Sources */ = {isa = PBXBuildFile; fileRef = 922A5539267F96480003A047 /* AppDelegate.swift */; };
		922A553C267F96480003A047 /* SceneDelegate.swift in Sources */ = {isa = PBXBuildFile; fileRef = 922A553B267F96480003A047 /* SceneDelegate.swift */; };
		922A5541267F96480003A047 /* Main.storyboard in Resources */ = {isa = PBXBuildFile; fileRef = 922A553F267F96480003A047 /* Main.storyboard */; };
		922A5543267F96490003A047 /* Assets.xcassets in Resources */ = {isa = PBXBuildFile; fileRef = 922A5542267F96490003A047 /* Assets.xcassets */; };
		922A5546267F96490003A047 /* LaunchScreen.storyboard in Resources */ = {isa = PBXBuildFile; fileRef = 922A5544267F96490003A047 /* LaunchScreen.storyboard */; };
		922A5558267F9E9C0003A047 /* MainVC.swift in Sources */ = {isa = PBXBuildFile; fileRef = 922A5557267F9E9C0003A047 /* MainVC.swift */; };
		92DB533926821FE200E8C9D9 /* MainListTVC.swift in Sources */ = {isa = PBXBuildFile; fileRef = 92DB533826821FE200E8C9D9 /* MainListTVC.swift */; };
		92DB538326823A9200E8C9D9 /* UIView+.swift in Sources */ = {isa = PBXBuildFile; fileRef = 92DB538226823A9200E8C9D9 /* UIView+.swift */; };
		92EE63B82684D522005C28B5 /* AddNewAlertVC.swift in Sources */ = {isa = PBXBuildFile; fileRef = 92EE63B72684D522005C28B5 /* AddNewAlertVC.swift */; };
		92EE63BC2684DB19005C28B5 /* AddHeader.swift in Sources */ = {isa = PBXBuildFile; fileRef = 92EE63BB2684DB19005C28B5 /* AddHeader.swift */; };
		92EE63C02684E164005C28B5 /* NewReminderTVC.swift in Sources */ = {isa = PBXBuildFile; fileRef = 92EE63BF2684E164005C28B5 /* NewReminderTVC.swift */; };
		B4089D5009B75164D66427D3 /* Pods_ReminderApp.framework in Frameworks */ = {isa = PBXBuildFile; fileRef = F8DD11956C45500CEB603C16 /* Pods_ReminderApp.framework */; };
/* End PBXBuildFile section */

/* Begin PBXFileReference section */
		20161B51D4A96C3106A21978 /* Pods-ReminderApp.debug.xcconfig */ = {isa = PBXFileReference; includeInIndex = 1; lastKnownFileType = text.xcconfig; name = "Pods-ReminderApp.debug.xcconfig"; path = "Target Support Files/Pods-ReminderApp/Pods-ReminderApp.debug.xcconfig"; sourceTree = "<group>"; };
		9203E16C268384AE00BEB61D /* MainListCVC.swift */ = {isa = PBXFileReference; lastKnownFileType = sourcecode.swift; path = MainListCVC.swift; sourceTree = "<group>"; };
		922A5536267F96480003A047 /* ReminderApp.app */ = {isa = PBXFileReference; explicitFileType = wrapper.application; includeInIndex = 0; path = ReminderApp.app; sourceTree = BUILT_PRODUCTS_DIR; };
		922A5539267F96480003A047 /* AppDelegate.swift */ = {isa = PBXFileReference; lastKnownFileType = sourcecode.swift; path = AppDelegate.swift; sourceTree = "<group>"; };
		922A553B267F96480003A047 /* SceneDelegate.swift */ = {isa = PBXFileReference; lastKnownFileType = sourcecode.swift; path = SceneDelegate.swift; sourceTree = "<group>"; };
		922A5540267F96480003A047 /* Base */ = {isa = PBXFileReference; lastKnownFileType = file.storyboard; name = Base; path = Base.lproj/Main.storyboard; sourceTree = "<group>"; };
		922A5542267F96490003A047 /* Assets.xcassets */ = {isa = PBXFileReference; lastKnownFileType = folder.assetcatalog; path = Assets.xcassets; sourceTree = "<group>"; };
		922A5545267F96490003A047 /* Base */ = {isa = PBXFileReference; lastKnownFileType = file.storyboard; name = Base; path = Base.lproj/LaunchScreen.storyboard; sourceTree = "<group>"; };
		922A5547267F96490003A047 /* Info.plist */ = {isa = PBXFileReference; lastKnownFileType = text.plist.xml; path = Info.plist; sourceTree = "<group>"; };
		922A5557267F9E9C0003A047 /* MainVC.swift */ = {isa = PBXFileReference; lastKnownFileType = sourcecode.swift; path = MainVC.swift; sourceTree = "<group>"; };
		92DB533826821FE200E8C9D9 /* MainListTVC.swift */ = {isa = PBXFileReference; lastKnownFileType = sourcecode.swift; path = MainListTVC.swift; sourceTree = "<group>"; };
		92DB538226823A9200E8C9D9 /* UIView+.swift */ = {isa = PBXFileReference; lastKnownFileType = sourcecode.swift; path = "UIView+.swift"; sourceTree = "<group>"; };
		92EE63B72684D522005C28B5 /* AddNewAlertVC.swift */ = {isa = PBXFileReference; lastKnownFileType = sourcecode.swift; path = AddNewAlertVC.swift; sourceTree = "<group>"; };
		92EE63BB2684DB19005C28B5 /* AddHeader.swift */ = {isa = PBXFileReference; lastKnownFileType = sourcecode.swift; path = AddHeader.swift; sourceTree = "<group>"; };
		92EE63BF2684E164005C28B5 /* NewReminderTVC.swift */ = {isa = PBXFileReference; lastKnownFileType = sourcecode.swift; path = NewReminderTVC.swift; sourceTree = "<group>"; };
		99607396A926E691F550436F /* Pods-ReminderApp.release.xcconfig */ = {isa = PBXFileReference; includeInIndex = 1; lastKnownFileType = text.xcconfig; name = "Pods-ReminderApp.release.xcconfig"; path = "Target Support Files/Pods-ReminderApp/Pods-ReminderApp.release.xcconfig"; sourceTree = "<group>"; };
		F8DD11956C45500CEB603C16 /* Pods_ReminderApp.framework */ = {isa = PBXFileReference; explicitFileType = wrapper.framework; includeInIndex = 0; path = Pods_ReminderApp.framework; sourceTree = BUILT_PRODUCTS_DIR; };
/* End PBXFileReference section */

/* Begin PBXFrameworksBuildPhase section */
		922A5533267F96480003A047 /* Frameworks */ = {
			isa = PBXFrameworksBuildPhase;
			buildActionMask = 2147483647;
			files = (
				B4089D5009B75164D66427D3 /* Pods_ReminderApp.framework in Frameworks */,
			);
			runOnlyForDeploymentPostprocessing = 0;
		};
/* End PBXFrameworksBuildPhase section */

/* Begin PBXGroup section */
		7450180818487A0DD3D662D8 /* Frameworks */ = {
			isa = PBXGroup;
			children = (
				F8DD11956C45500CEB603C16 /* Pods_ReminderApp.framework */,
			);
			name = Frameworks;
			sourceTree = "<group>";
		};
		7D804DABB0F633BF3C27F03F /* Pods */ = {
			isa = PBXGroup;
			children = (
				20161B51D4A96C3106A21978 /* Pods-ReminderApp.debug.xcconfig */,
				99607396A926E691F550436F /* Pods-ReminderApp.release.xcconfig */,
			);
			path = Pods;
			sourceTree = "<group>";
		};
		922A552D267F96480003A047 = {
			isa = PBXGroup;
			children = (
				922A5538267F96480003A047 /* ReminderApp */,
				922A5537267F96480003A047 /* Products */,
				7D804DABB0F633BF3C27F03F /* Pods */,
				7450180818487A0DD3D662D8 /* Frameworks */,
			);
			sourceTree = "<group>";
		};
		922A5537267F96480003A047 /* Products */ = {
			isa = PBXGroup;
			children = (
				922A5536267F96480003A047 /* ReminderApp.app */,
			);
			name = Products;
			sourceTree = "<group>";
		};
		922A5538267F96480003A047 /* ReminderApp */ = {
			isa = PBXGroup;
			children = (
				922A5547267F96490003A047 /* Info.plist */,
				922A554F267F99600003A047 /* Sources */,
				922A554E267F99580003A047 /* Resources */,
			);
			path = ReminderApp;
			sourceTree = "<group>";
		};
		922A554E267F99580003A047 /* Resources */ = {
			isa = PBXGroup;
			children = (
				922A553F267F96480003A047 /* Main.storyboard */,
				922A5542267F96490003A047 /* Assets.xcassets */,
				922A5544267F96490003A047 /* LaunchScreen.storyboard */,
			);
			path = Resources;
			sourceTree = "<group>";
		};
		922A554F267F99600003A047 /* Sources */ = {
			isa = PBXGroup;
			children = (
				92EE63BA2684D993005C28B5 /* Views */,
				92DB538526823A9800E8C9D9 /* Extensions */,
				922A5550267F99690003A047 /* Supports */,
				922A5552267F9A4B0003A047 /* Cells */,
				922A5551267F998E0003A047 /* VCs */,
			);
			path = Sources;
			sourceTree = "<group>";
		};
		922A5550267F99690003A047 /* Supports */ = {
			isa = PBXGroup;
			children = (
				922A5539267F96480003A047 /* AppDelegate.swift */,
				922A553B267F96480003A047 /* SceneDelegate.swift */,
			);
			path = Supports;
			sourceTree = "<group>";
		};
		922A5551267F998E0003A047 /* VCs */ = {
			isa = PBXGroup;
			children = (
				922A5557267F9E9C0003A047 /* MainVC.swift */,
				92EE63B72684D522005C28B5 /* AddNewAlertVC.swift */,
			);
			path = VCs;
			sourceTree = "<group>";
		};
		922A5552267F9A4B0003A047 /* Cells */ = {
			isa = PBXGroup;
			children = (
				92EE63C32684E4A5005C28B5 /* NewReminder */,
				92EE63C22684E498005C28B5 /* MainList */,
			);
			path = Cells;
			sourceTree = "<group>";
		};
		92DB538526823A9800E8C9D9 /* Extensions */ = {
			isa = PBXGroup;
			children = (
				92DB538226823A9200E8C9D9 /* UIView+.swift */,
			);
			path = Extensions;
			sourceTree = "<group>";
		};
		92EE63BA2684D993005C28B5 /* Views */ = {
			isa = PBXGroup;
			children = (
				92EE63BB2684DB19005C28B5 /* AddHeader.swift */,
			);
			path = Views;
			sourceTree = "<group>";
		};
		92EE63C22684E498005C28B5 /* MainList */ = {
			isa = PBXGroup;
			children = (
				92DB533826821FE200E8C9D9 /* MainListTVC.swift */,
				9203E16C268384AE00BEB61D /* MainListCVC.swift */,
			);
			path = MainList;
			sourceTree = "<group>";
		};
		92EE63C32684E4A5005C28B5 /* NewReminder */ = {
			isa = PBXGroup;
			children = (
				92EE63BF2684E164005C28B5 /* NewReminderTVC.swift */,
			);
			path = NewReminder;
			sourceTree = "<group>";
		};
/* End PBXGroup section */

/* Begin PBXNativeTarget section */
		922A5535267F96480003A047 /* ReminderApp */ = {
			isa = PBXNativeTarget;
			buildConfigurationList = 922A554A267F96490003A047 /* Build configuration list for PBXNativeTarget "ReminderApp" */;
			buildPhases = (
				82E176436C8534EA2FDEE280 /* [CP] Check Pods Manifest.lock */,
				922A5532267F96480003A047 /* Sources */,
				922A5533267F96480003A047 /* Frameworks */,
				922A5534267F96480003A047 /* Resources */,
				5E7C151C520E2C411889F77C /* [CP] Embed Pods Frameworks */,
			);
			buildRules = (
			);
			dependencies = (
			);
			name = ReminderApp;
			productName = ReminderApp;
			productReference = 922A5536267F96480003A047 /* ReminderApp.app */;
			productType = "com.apple.product-type.application";
		};
/* End PBXNativeTarget section */

/* Begin PBXProject section */
		922A552E267F96480003A047 /* Project object */ = {
			isa = PBXProject;
			attributes = {
				LastSwiftUpdateCheck = 1240;
				LastUpgradeCheck = 1240;
				TargetAttributes = {
					922A5535267F96480003A047 = {
						CreatedOnToolsVersion = 12.4;
					};
				};
			};
			buildConfigurationList = 922A5531267F96480003A047 /* Build configuration list for PBXProject "ReminderApp" */;
			compatibilityVersion = "Xcode 9.3";
			developmentRegion = en;
			hasScannedForEncodings = 0;
			knownRegions = (
				en,
				Base,
			);
			mainGroup = 922A552D267F96480003A047;
			productRefGroup = 922A5537267F96480003A047 /* Products */;
			projectDirPath = "";
			projectRoot = "";
			targets = (
				922A5535267F96480003A047 /* ReminderApp */,
			);
		};
/* End PBXProject section */

/* Begin PBXResourcesBuildPhase section */
		922A5534267F96480003A047 /* Resources */ = {
			isa = PBXResourcesBuildPhase;
			buildActionMask = 2147483647;
			files = (
				922A5546267F96490003A047 /* LaunchScreen.storyboard in Resources */,
				922A5543267F96490003A047 /* Assets.xcassets in Resources */,
				922A5541267F96480003A047 /* Main.storyboard in Resources */,
			);
			runOnlyForDeploymentPostprocessing = 0;
		};
/* End PBXResourcesBuildPhase section */

/* Begin PBXShellScriptBuildPhase section */
		5E7C151C520E2C411889F77C /* [CP] Embed Pods Frameworks */ = {
			isa = PBXShellScriptBuildPhase;
			buildActionMask = 2147483647;
			files = (
			);
			inputFileListPaths = (
				"${PODS_ROOT}/Target Support Files/Pods-ReminderApp/Pods-ReminderApp-frameworks-${CONFIGURATION}-input-files.xcfilelist",
			);
			name = "[CP] Embed Pods Frameworks";
			outputFileListPaths = (
				"${PODS_ROOT}/Target Support Files/Pods-ReminderApp/Pods-ReminderApp-frameworks-${CONFIGURATION}-output-files.xcfilelist",
			);
			runOnlyForDeploymentPostprocessing = 0;
			shellPath = /bin/sh;
			shellScript = "\"${PODS_ROOT}/Target Support Files/Pods-ReminderApp/Pods-ReminderApp-frameworks.sh\"\n";
			showEnvVarsInLog = 0;
		};
		82E176436C8534EA2FDEE280 /* [CP] Check Pods Manifest.lock */ = {
			isa = PBXShellScriptBuildPhase;
			buildActionMask = 2147483647;
			files = (
			);
			inputFileListPaths = (
			);
			inputPaths = (
				"${PODS_PODFILE_DIR_PATH}/Podfile.lock",
				"${PODS_ROOT}/Manifest.lock",
			);
			name = "[CP] Check Pods Manifest.lock";
			outputFileListPaths = (
			);
			outputPaths = (
				"$(DERIVED_FILE_DIR)/Pods-ReminderApp-checkManifestLockResult.txt",
			);
			runOnlyForDeploymentPostprocessing = 0;
			shellPath = /bin/sh;
			shellScript = "diff \"${PODS_PODFILE_DIR_PATH}/Podfile.lock\" \"${PODS_ROOT}/Manifest.lock\" > /dev/null\nif [ $? != 0 ] ; then\n    # print error to STDERR\n    echo \"error: The sandbox is not in sync with the Podfile.lock. Run 'pod install' or update your CocoaPods installation.\" >&2\n    exit 1\nfi\n# This output is used by Xcode 'outputs' to avoid re-running this script phase.\necho \"SUCCESS\" > \"${SCRIPT_OUTPUT_FILE_0}\"\n";
			showEnvVarsInLog = 0;
		};
/* End PBXShellScriptBuildPhase section */

/* Begin PBXSourcesBuildPhase section */
		922A5532267F96480003A047 /* Sources */ = {
			isa = PBXSourcesBuildPhase;
			buildActionMask = 2147483647;
			files = (
				922A5558267F9E9C0003A047 /* MainVC.swift in Sources */,
				92EE63B82684D522005C28B5 /* AddNewAlertVC.swift in Sources */,
				922A553A267F96480003A047 /* AppDelegate.swift in Sources */,
				92EE63C02684E164005C28B5 /* NewReminderTVC.swift in Sources */,
				92DB533926821FE200E8C9D9 /* MainListTVC.swift in Sources */,
				92EE63BC2684DB19005C28B5 /* AddHeader.swift in Sources */,
				922A553C267F96480003A047 /* SceneDelegate.swift in Sources */,
				92DB538326823A9200E8C9D9 /* UIView+.swift in Sources */,
				9203E16D268384AE00BEB61D /* MainListCVC.swift in Sources */,
			);
			runOnlyForDeploymentPostprocessing = 0;
		};
/* End PBXSourcesBuildPhase section */

/* Begin PBXVariantGroup section */
		922A553F267F96480003A047 /* Main.storyboard */ = {
			isa = PBXVariantGroup;
			children = (
				922A5540267F96480003A047 /* Base */,
			);
			name = Main.storyboard;
			sourceTree = "<group>";
		};
		922A5544267F96490003A047 /* LaunchScreen.storyboard */ = {
			isa = PBXVariantGroup;
			children = (
				922A5545267F96490003A047 /* Base */,
			);
			name = LaunchScreen.storyboard;
			sourceTree = "<group>";
		};
/* End PBXVariantGroup section */

/* Begin XCBuildConfiguration section */
		922A5548267F96490003A047 /* Debug */ = {
			isa = XCBuildConfiguration;
			buildSettings = {
				ALWAYS_SEARCH_USER_PATHS = NO;
				CLANG_ANALYZER_NONNULL = YES;
				CLANG_ANALYZER_NUMBER_OBJECT_CONVERSION = YES_AGGRESSIVE;
				CLANG_CXX_LANGUAGE_STANDARD = "gnu++14";
				CLANG_CXX_LIBRARY = "libc++";
				CLANG_ENABLE_MODULES = YES;
				CLANG_ENABLE_OBJC_ARC = YES;
				CLANG_ENABLE_OBJC_WEAK = YES;
				CLANG_WARN_BLOCK_CAPTURE_AUTORELEASING = YES;
				CLANG_WARN_BOOL_CONVERSION = YES;
				CLANG_WARN_COMMA = YES;
				CLANG_WARN_CONSTANT_CONVERSION = YES;
				CLANG_WARN_DEPRECATED_OBJC_IMPLEMENTATIONS = YES;
				CLANG_WARN_DIRECT_OBJC_ISA_USAGE = YES_ERROR;
				CLANG_WARN_DOCUMENTATION_COMMENTS = YES;
				CLANG_WARN_EMPTY_BODY = YES;
				CLANG_WARN_ENUM_CONVERSION = YES;
				CLANG_WARN_INFINITE_RECURSION = YES;
				CLANG_WARN_INT_CONVERSION = YES;
				CLANG_WARN_NON_LITERAL_NULL_CONVERSION = YES;
				CLANG_WARN_OBJC_IMPLICIT_RETAIN_SELF = YES;
				CLANG_WARN_OBJC_LITERAL_CONVERSION = YES;
				CLANG_WARN_OBJC_ROOT_CLASS = YES_ERROR;
				CLANG_WARN_QUOTED_INCLUDE_IN_FRAMEWORK_HEADER = YES;
				CLANG_WARN_RANGE_LOOP_ANALYSIS = YES;
				CLANG_WARN_STRICT_PROTOTYPES = YES;
				CLANG_WARN_SUSPICIOUS_MOVE = YES;
				CLANG_WARN_UNGUARDED_AVAILABILITY = YES_AGGRESSIVE;
				CLANG_WARN_UNREACHABLE_CODE = YES;
				CLANG_WARN__DUPLICATE_METHOD_MATCH = YES;
				COPY_PHASE_STRIP = NO;
				DEBUG_INFORMATION_FORMAT = dwarf;
				ENABLE_STRICT_OBJC_MSGSEND = YES;
				ENABLE_TESTABILITY = YES;
				GCC_C_LANGUAGE_STANDARD = gnu11;
				GCC_DYNAMIC_NO_PIC = NO;
				GCC_NO_COMMON_BLOCKS = YES;
				GCC_OPTIMIZATION_LEVEL = 0;
				GCC_PREPROCESSOR_DEFINITIONS = (
					"DEBUG=1",
					"$(inherited)",
				);
				GCC_WARN_64_TO_32_BIT_CONVERSION = YES;
				GCC_WARN_ABOUT_RETURN_TYPE = YES_ERROR;
				GCC_WARN_UNDECLARED_SELECTOR = YES;
				GCC_WARN_UNINITIALIZED_AUTOS = YES_AGGRESSIVE;
				GCC_WARN_UNUSED_FUNCTION = YES;
				GCC_WARN_UNUSED_VARIABLE = YES;
				IPHONEOS_DEPLOYMENT_TARGET = 14.4;
				MTL_ENABLE_DEBUG_INFO = INCLUDE_SOURCE;
				MTL_FAST_MATH = YES;
				ONLY_ACTIVE_ARCH = YES;
				SDKROOT = iphoneos;
				SWIFT_ACTIVE_COMPILATION_CONDITIONS = DEBUG;
				SWIFT_OPTIMIZATION_LEVEL = "-Onone";
			};
			name = Debug;
		};
		922A5549267F96490003A047 /* Release */ = {
			isa = XCBuildConfiguration;
			buildSettings = {
				ALWAYS_SEARCH_USER_PATHS = NO;
				CLANG_ANALYZER_NONNULL = YES;
				CLANG_ANALYZER_NUMBER_OBJECT_CONVERSION = YES_AGGRESSIVE;
				CLANG_CXX_LANGUAGE_STANDARD = "gnu++14";
				CLANG_CXX_LIBRARY = "libc++";
				CLANG_ENABLE_MODULES = YES;
				CLANG_ENABLE_OBJC_ARC = YES;
				CLANG_ENABLE_OBJC_WEAK = YES;
				CLANG_WARN_BLOCK_CAPTURE_AUTORELEASING = YES;
				CLANG_WARN_BOOL_CONVERSION = YES;
				CLANG_WARN_COMMA = YES;
				CLANG_WARN_CONSTANT_CONVERSION = YES;
				CLANG_WARN_DEPRECATED_OBJC_IMPLEMENTATIONS = YES;
				CLANG_WARN_DIRECT_OBJC_ISA_USAGE = YES_ERROR;
				CLANG_WARN_DOCUMENTATION_COMMENTS = YES;
				CLANG_WARN_EMPTY_BODY = YES;
				CLANG_WARN_ENUM_CONVERSION = YES;
				CLANG_WARN_INFINITE_RECURSION = YES;
				CLANG_WARN_INT_CONVERSION = YES;
				CLANG_WARN_NON_LITERAL_NULL_CONVERSION = YES;
				CLANG_WARN_OBJC_IMPLICIT_RETAIN_SELF = YES;
				CLANG_WARN_OBJC_LITERAL_CONVERSION = YES;
				CLANG_WARN_OBJC_ROOT_CLASS = YES_ERROR;
				CLANG_WARN_QUOTED_INCLUDE_IN_FRAMEWORK_HEADER = YES;
				CLANG_WARN_RANGE_LOOP_ANALYSIS = YES;
				CLANG_WARN_STRICT_PROTOTYPES = YES;
				CLANG_WARN_SUSPICIOUS_MOVE = YES;
				CLANG_WARN_UNGUARDED_AVAILABILITY = YES_AGGRESSIVE;
				CLANG_WARN_UNREACHABLE_CODE = YES;
				CLANG_WARN__DUPLICATE_METHOD_MATCH = YES;
				COPY_PHASE_STRIP = NO;
				DEBUG_INFORMATION_FORMAT = "dwarf-with-dsym";
				ENABLE_NS_ASSERTIONS = NO;
				ENABLE_STRICT_OBJC_MSGSEND = YES;
				GCC_C_LANGUAGE_STANDARD = gnu11;
				GCC_NO_COMMON_BLOCKS = YES;
				GCC_WARN_64_TO_32_BIT_CONVERSION = YES;
				GCC_WARN_ABOUT_RETURN_TYPE = YES_ERROR;
				GCC_WARN_UNDECLARED_SELECTOR = YES;
				GCC_WARN_UNINITIALIZED_AUTOS = YES_AGGRESSIVE;
				GCC_WARN_UNUSED_FUNCTION = YES;
				GCC_WARN_UNUSED_VARIABLE = YES;
				IPHONEOS_DEPLOYMENT_TARGET = 14.4;
				MTL_ENABLE_DEBUG_INFO = NO;
				MTL_FAST_MATH = YES;
				SDKROOT = iphoneos;
				SWIFT_COMPILATION_MODE = wholemodule;
				SWIFT_OPTIMIZATION_LEVEL = "-O";
				VALIDATE_PRODUCT = YES;
			};
			name = Release;
		};
		922A554B267F96490003A047 /* Debug */ = {
			isa = XCBuildConfiguration;
			baseConfigurationReference = 20161B51D4A96C3106A21978 /* Pods-ReminderApp.debug.xcconfig */;
			buildSettings = {
				ASSETCATALOG_COMPILER_APPICON_NAME = AppIcon;
				ASSETCATALOG_COMPILER_GLOBAL_ACCENT_COLOR_NAME = AccentColor;
				CODE_SIGN_STYLE = Automatic;
				INFOPLIST_FILE = ReminderApp/Info.plist;
				LD_RUNPATH_SEARCH_PATHS = (
					"$(inherited)",
					"@executable_path/Frameworks",
				);
				PRODUCT_BUNDLE_IDENTIFIER = soyeon.ReminderApp;
				PRODUCT_NAME = "$(TARGET_NAME)";
				SWIFT_VERSION = 5.0;
				TARGETED_DEVICE_FAMILY = "1,2";
			};
			name = Debug;
		};
		922A554C267F96490003A047 /* Release */ = {
			isa = XCBuildConfiguration;
			baseConfigurationReference = 99607396A926E691F550436F /* Pods-ReminderApp.release.xcconfig */;
			buildSettings = {
				ASSETCATALOG_COMPILER_APPICON_NAME = AppIcon;
				ASSETCATALOG_COMPILER_GLOBAL_ACCENT_COLOR_NAME = AccentColor;
				CODE_SIGN_STYLE = Automatic;
				INFOPLIST_FILE = ReminderApp/Info.plist;
				LD_RUNPATH_SEARCH_PATHS = (
					"$(inherited)",
					"@executable_path/Frameworks",
				);
				PRODUCT_BUNDLE_IDENTIFIER = soyeon.ReminderApp;
				PRODUCT_NAME = "$(TARGET_NAME)";
				SWIFT_VERSION = 5.0;
				TARGETED_DEVICE_FAMILY = "1,2";
			};
			name = Release;
		};
/* End XCBuildConfiguration section */

/* Begin XCConfigurationList section */
		922A5531267F96480003A047 /* Build configuration list for PBXProject "ReminderApp" */ = {
			isa = XCConfigurationList;
			buildConfigurations = (
				922A5548267F96490003A047 /* Debug */,
				922A5549267F96490003A047 /* Release */,
			);
			defaultConfigurationIsVisible = 0;
			defaultConfigurationName = Release;
		};
		922A554A267F96490003A047 /* Build configuration list for PBXNativeTarget "ReminderApp" */ = {
			isa = XCConfigurationList;
			buildConfigurations = (
				922A554B267F96490003A047 /* Debug */,
				922A554C267F96490003A047 /* Release */,
			);
			defaultConfigurationIsVisible = 0;
			defaultConfigurationName = Release;
		};
/* End XCConfigurationList section */
	};
	rootObject = 922A552E267F96480003A047 /* Project object */;
}
