// !$*UTF8*$!
{
	archiveVersion = 1;
	classes = {
	};
	objectVersion = 50;
	objects = {

/* Begin PBXBuildFile section */
		92BD609B265A45B400094B59 /* AppDelegate.swift in Sources */ = {isa = PBXBuildFile; fileRef = 92BD609A265A45B400094B59 /* AppDelegate.swift */; };
		92BD609D265A45B400094B59 /* SceneDelegate.swift in Sources */ = {isa = PBXBuildFile; fileRef = 92BD609C265A45B400094B59 /* SceneDelegate.swift */; };
		92BD609F265A45B400094B59 /* ViewController.swift in Sources */ = {isa = PBXBuildFile; fileRef = 92BD609E265A45B400094B59 /* ViewController.swift */; };
		92BD60A2265A45B400094B59 /* Main.storyboard in Resources */ = {isa = PBXBuildFile; fileRef = 92BD60A0265A45B400094B59 /* Main.storyboard */; };
		92BD60A4265A45B500094B59 /* Assets.xcassets in Resources */ = {isa = PBXBuildFile; fileRef = 92BD60A3265A45B500094B59 /* Assets.xcassets */; };
		92BD60A7265A45B500094B59 /* LaunchScreen.storyboard in Resources */ = {isa = PBXBuildFile; fileRef = 92BD60A5265A45B500094B59 /* LaunchScreen.storyboard */; };
/* End PBXBuildFile section */

/* Begin PBXFileReference section */
		92BD6097265A45B400094B59 /* PenCakeApp.app */ = {isa = PBXFileReference; explicitFileType = wrapper.application; includeInIndex = 0; path = PenCakeApp.app; sourceTree = BUILT_PRODUCTS_DIR; };
		92BD609A265A45B400094B59 /* AppDelegate.swift */ = {isa = PBXFileReference; lastKnownFileType = sourcecode.swift; path = AppDelegate.swift; sourceTree = "<group>"; };
		92BD609C265A45B400094B59 /* SceneDelegate.swift */ = {isa = PBXFileReference; lastKnownFileType = sourcecode.swift; path = SceneDelegate.swift; sourceTree = "<group>"; };
		92BD609E265A45B400094B59 /* ViewController.swift */ = {isa = PBXFileReference; lastKnownFileType = sourcecode.swift; path = ViewController.swift; sourceTree = "<group>"; };
		92BD60A1265A45B400094B59 /* Base */ = {isa = PBXFileReference; lastKnownFileType = file.storyboard; name = Base; path = Base.lproj/Main.storyboard; sourceTree = "<group>"; };
		92BD60A3265A45B500094B59 /* Assets.xcassets */ = {isa = PBXFileReference; lastKnownFileType = folder.assetcatalog; path = Assets.xcassets; sourceTree = "<group>"; };
		92BD60A6265A45B500094B59 /* Base */ = {isa = PBXFileReference; lastKnownFileType = file.storyboard; name = Base; path = Base.lproj/LaunchScreen.storyboard; sourceTree = "<group>"; };
		92BD60A8265A45B500094B59 /* Info.plist */ = {isa = PBXFileReference; lastKnownFileType = text.plist.xml; path = Info.plist; sourceTree = "<group>"; };
/* End PBXFileReference section */

/* Begin PBXFrameworksBuildPhase section */
		92BD6094265A45B400094B59 /* Frameworks */ = {
			isa = PBXFrameworksBuildPhase;
			buildActionMask = 2147483647;
			files = (
			);
			runOnlyForDeploymentPostprocessing = 0;
		};
/* End PBXFrameworksBuildPhase section */

/* Begin PBXGroup section */
		92BD608E265A45B400094B59 = {
			isa = PBXGroup;
			children = (
				92BD6099265A45B400094B59 /* PenCakeApp */,
				92BD6098265A45B400094B59 /* Products */,
			);
			sourceTree = "<group>";
		};
		92BD6098265A45B400094B59 /* Products */ = {
			isa = PBXGroup;
			children = (
				92BD6097265A45B400094B59 /* PenCakeApp.app */,
			);
			name = Products;
			sourceTree = "<group>";
		};
		92BD6099265A45B400094B59 /* PenCakeApp */ = {
			isa = PBXGroup;
			children = (
				92BD60A8265A45B500094B59 /* Info.plist */,
				92BD60B0265A45CD00094B59 /* Resources */,
				92BD60AF265A45C600094B59 /* Sources */,
			);
			path = PenCakeApp;
			sourceTree = "<group>";
		};
		92BD60AF265A45C600094B59 /* Sources */ = {
			isa = PBXGroup;
			children = (
				92BD60B4265A45F100094B59 /* Supports */,
				92BD60B3265A45EB00094B59 /* Models */,
				92BD60B2265A45E500094B59 /* Cells */,
				92BD60B1265A45D800094B59 /* VCs */,
			);
			path = Sources;
			sourceTree = "<group>";
		};
		92BD60B0265A45CD00094B59 /* Resources */ = {
			isa = PBXGroup;
			children = (
				92BD60A3265A45B500094B59 /* Assets.xcassets */,
				92BD60B5265A460300094B59 /* SBs */,
			);
			path = Resources;
			sourceTree = "<group>";
		};
		92BD60B1265A45D800094B59 /* VCs */ = {
			isa = PBXGroup;
			children = (
				92BD609E265A45B400094B59 /* ViewController.swift */,
			);
			path = VCs;
			sourceTree = "<group>";
		};
		92BD60B2265A45E500094B59 /* Cells */ = {
			isa = PBXGroup;
			children = (
			);
			path = Cells;
			sourceTree = "<group>";
		};
		92BD60B3265A45EB00094B59 /* Models */ = {
			isa = PBXGroup;
			children = (
			);
			path = Models;
			sourceTree = "<group>";
		};
		92BD60B4265A45F100094B59 /* Supports */ = {
			isa = PBXGroup;
			children = (
				92BD609A265A45B400094B59 /* AppDelegate.swift */,
				92BD609C265A45B400094B59 /* SceneDelegate.swift */,
			);
			path = Supports;
			sourceTree = "<group>";
		};
		92BD60B5265A460300094B59 /* SBs */ = {
			isa = PBXGroup;
			children = (
				92BD60A0265A45B400094B59 /* Main.storyboard */,
				92BD60A5265A45B500094B59 /* LaunchScreen.storyboard */,
			);
			path = SBs;
			sourceTree = "<group>";
		};
/* End PBXGroup section */

/* Begin PBXNativeTarget section */
		92BD6096265A45B400094B59 /* PenCakeApp */ = {
			isa = PBXNativeTarget;
			buildConfigurationList = 92BD60AB265A45B500094B59 /* Build configuration list for PBXNativeTarget "PenCakeApp" */;
			buildPhases = (
				92BD6093265A45B400094B59 /* Sources */,
				92BD6094265A45B400094B59 /* Frameworks */,
				92BD6095265A45B400094B59 /* Resources */,
			);
			buildRules = (
			);
			dependencies = (
			);
			name = PenCakeApp;
			productName = PenCakeApp;
			productReference = 92BD6097265A45B400094B59 /* PenCakeApp.app */;
			productType = "com.apple.product-type.application";
		};
/* End PBXNativeTarget section */

/* Begin PBXProject section */
		92BD608F265A45B400094B59 /* Project object */ = {
			isa = PBXProject;
			attributes = {
				LastSwiftUpdateCheck = 1240;
				LastUpgradeCheck = 1240;
				TargetAttributes = {
					92BD6096265A45B400094B59 = {
						CreatedOnToolsVersion = 12.4;
					};
				};
			};
			buildConfigurationList = 92BD6092265A45B400094B59 /* Build configuration list for PBXProject "PenCakeApp" */;
			compatibilityVersion = "Xcode 9.3";
			developmentRegion = en;
			hasScannedForEncodings = 0;
			knownRegions = (
				en,
				Base,
			);
			mainGroup = 92BD608E265A45B400094B59;
			productRefGroup = 92BD6098265A45B400094B59 /* Products */;
			projectDirPath = "";
			projectRoot = "";
			targets = (
				92BD6096265A45B400094B59 /* PenCakeApp */,
			);
		};
/* End PBXProject section */

/* Begin PBXResourcesBuildPhase section */
		92BD6095265A45B400094B59 /* Resources */ = {
			isa = PBXResourcesBuildPhase;
			buildActionMask = 2147483647;
			files = (
				92BD60A7265A45B500094B59 /* LaunchScreen.storyboard in Resources */,
				92BD60A4265A45B500094B59 /* Assets.xcassets in Resources */,
				92BD60A2265A45B400094B59 /* Main.storyboard in Resources */,
			);
			runOnlyForDeploymentPostprocessing = 0;
		};
/* End PBXResourcesBuildPhase section */

/* Begin PBXSourcesBuildPhase section */
		92BD6093265A45B400094B59 /* Sources */ = {
			isa = PBXSourcesBuildPhase;
			buildActionMask = 2147483647;
			files = (
				92BD609F265A45B400094B59 /* ViewController.swift in Sources */,
				92BD609B265A45B400094B59 /* AppDelegate.swift in Sources */,
				92BD609D265A45B400094B59 /* SceneDelegate.swift in Sources */,
			);
			runOnlyForDeploymentPostprocessing = 0;
		};
/* End PBXSourcesBuildPhase section */

/* Begin PBXVariantGroup section */
		92BD60A0265A45B400094B59 /* Main.storyboard */ = {
			isa = PBXVariantGroup;
			children = (
				92BD60A1265A45B400094B59 /* Base */,
			);
			name = Main.storyboard;
			sourceTree = "<group>";
		};
		92BD60A5265A45B500094B59 /* LaunchScreen.storyboard */ = {
			isa = PBXVariantGroup;
			children = (
				92BD60A6265A45B500094B59 /* Base */,
			);
			name = LaunchScreen.storyboard;
			sourceTree = "<group>";
		};
/* End PBXVariantGroup section */

/* Begin XCBuildConfiguration section */
		92BD60A9265A45B500094B59 /* Debug */ = {
			isa = XCBuildConfiguration;
			buildSettings = {
				ALWAYS_SEARCH_USER_PATHS = NO;
				CLANG_ANALYZER_NONNULL = YES;
				CLANG_ANALYZER_NUMBER_OBJECT_CONVERSION = YES_AGGRESSIVE;
				CLANG_CXX_LANGUAGE_STANDARD = "gnu++14";
				CLANG_CXX_LIBRARY = "libc++";
				CLANG_ENABLE_MODULES = YES;
				CLANG_ENABLE_OBJC_ARC = YES;
				CLANG_ENABLE_OBJC_WEAK = YES;
				CLANG_WARN_BLOCK_CAPTURE_AUTORELEASING = YES;
				CLANG_WARN_BOOL_CONVERSION = YES;
				CLANG_WARN_COMMA = YES;
				CLANG_WARN_CONSTANT_CONVERSION = YES;
				CLANG_WARN_DEPRECATED_OBJC_IMPLEMENTATIONS = YES;
				CLANG_WARN_DIRECT_OBJC_ISA_USAGE = YES_ERROR;
				CLANG_WARN_DOCUMENTATION_COMMENTS = YES;
				CLANG_WARN_EMPTY_BODY = YES;
				CLANG_WARN_ENUM_CONVERSION = YES;
				CLANG_WARN_INFINITE_RECURSION = YES;
				CLANG_WARN_INT_CONVERSION = YES;
				CLANG_WARN_NON_LITERAL_NULL_CONVERSION = YES;
				CLANG_WARN_OBJC_IMPLICIT_RETAIN_SELF = YES;
				CLANG_WARN_OBJC_LITERAL_CONVERSION = YES;
				CLANG_WARN_OBJC_ROOT_CLASS = YES_ERROR;
				CLANG_WARN_QUOTED_INCLUDE_IN_FRAMEWORK_HEADER = YES;
				CLANG_WARN_RANGE_LOOP_ANALYSIS = YES;
				CLANG_WARN_STRICT_PROTOTYPES = YES;
				CLANG_WARN_SUSPICIOUS_MOVE = YES;
				CLANG_WARN_UNGUARDED_AVAILABILITY = YES_AGGRESSIVE;
				CLANG_WARN_UNREACHABLE_CODE = YES;
				CLANG_WARN__DUPLICATE_METHOD_MATCH = YES;
				COPY_PHASE_STRIP = NO;
				DEBUG_INFORMATION_FORMAT = dwarf;
				ENABLE_STRICT_OBJC_MSGSEND = YES;
				ENABLE_TESTABILITY = YES;
				GCC_C_LANGUAGE_STANDARD = gnu11;
				GCC_DYNAMIC_NO_PIC = NO;
				GCC_NO_COMMON_BLOCKS = YES;
				GCC_OPTIMIZATION_LEVEL = 0;
				GCC_PREPROCESSOR_DEFINITIONS = (
					"DEBUG=1",
					"$(inherited)",
				);
				GCC_WARN_64_TO_32_BIT_CONVERSION = YES;
				GCC_WARN_ABOUT_RETURN_TYPE = YES_ERROR;
				GCC_WARN_UNDECLARED_SELECTOR = YES;
				GCC_WARN_UNINITIALIZED_AUTOS = YES_AGGRESSIVE;
				GCC_WARN_UNUSED_FUNCTION = YES;
				GCC_WARN_UNUSED_VARIABLE = YES;
				IPHONEOS_DEPLOYMENT_TARGET = 14.4;
				MTL_ENABLE_DEBUG_INFO = INCLUDE_SOURCE;
				MTL_FAST_MATH = YES;
				ONLY_ACTIVE_ARCH = YES;
				SDKROOT = iphoneos;
				SWIFT_ACTIVE_COMPILATION_CONDITIONS = DEBUG;
				SWIFT_OPTIMIZATION_LEVEL = "-Onone";
			};
			name = Debug;
		};
		92BD60AA265A45B500094B59 /* Release */ = {
			isa = XCBuildConfiguration;
			buildSettings = {
				ALWAYS_SEARCH_USER_PATHS = NO;
				CLANG_ANALYZER_NONNULL = YES;
				CLANG_ANALYZER_NUMBER_OBJECT_CONVERSION = YES_AGGRESSIVE;
				CLANG_CXX_LANGUAGE_STANDARD = "gnu++14";
				CLANG_CXX_LIBRARY = "libc++";
				CLANG_ENABLE_MODULES = YES;
				CLANG_ENABLE_OBJC_ARC = YES;
				CLANG_ENABLE_OBJC_WEAK = YES;
				CLANG_WARN_BLOCK_CAPTURE_AUTORELEASING = YES;
				CLANG_WARN_BOOL_CONVERSION = YES;
				CLANG_WARN_COMMA = YES;
				CLANG_WARN_CONSTANT_CONVERSION = YES;
				CLANG_WARN_DEPRECATED_OBJC_IMPLEMENTATIONS = YES;
				CLANG_WARN_DIRECT_OBJC_ISA_USAGE = YES_ERROR;
				CLANG_WARN_DOCUMENTATION_COMMENTS = YES;
				CLANG_WARN_EMPTY_BODY = YES;
				CLANG_WARN_ENUM_CONVERSION = YES;
				CLANG_WARN_INFINITE_RECURSION = YES;
				CLANG_WARN_INT_CONVERSION = YES;
				CLANG_WARN_NON_LITERAL_NULL_CONVERSION = YES;
				CLANG_WARN_OBJC_IMPLICIT_RETAIN_SELF = YES;
				CLANG_WARN_OBJC_LITERAL_CONVERSION = YES;
				CLANG_WARN_OBJC_ROOT_CLASS = YES_ERROR;
				CLANG_WARN_QUOTED_INCLUDE_IN_FRAMEWORK_HEADER = YES;
				CLANG_WARN_RANGE_LOOP_ANALYSIS = YES;
				CLANG_WARN_STRICT_PROTOTYPES = YES;
				CLANG_WARN_SUSPICIOUS_MOVE = YES;
				CLANG_WARN_UNGUARDED_AVAILABILITY = YES_AGGRESSIVE;
				CLANG_WARN_UNREACHABLE_CODE = YES;
				CLANG_WARN__DUPLICATE_METHOD_MATCH = YES;
				COPY_PHASE_STRIP = NO;
				DEBUG_INFORMATION_FORMAT = "dwarf-with-dsym";
				ENABLE_NS_ASSERTIONS = NO;
				ENABLE_STRICT_OBJC_MSGSEND = YES;
				GCC_C_LANGUAGE_STANDARD = gnu11;
				GCC_NO_COMMON_BLOCKS = YES;
				GCC_WARN_64_TO_32_BIT_CONVERSION = YES;
				GCC_WARN_ABOUT_RETURN_TYPE = YES_ERROR;
				GCC_WARN_UNDECLARED_SELECTOR = YES;
				GCC_WARN_UNINITIALIZED_AUTOS = YES_AGGRESSIVE;
				GCC_WARN_UNUSED_FUNCTION = YES;
				GCC_WARN_UNUSED_VARIABLE = YES;
				IPHONEOS_DEPLOYMENT_TARGET = 14.4;
				MTL_ENABLE_DEBUG_INFO = NO;
				MTL_FAST_MATH = YES;
				SDKROOT = iphoneos;
				SWIFT_COMPILATION_MODE = wholemodule;
				SWIFT_OPTIMIZATION_LEVEL = "-O";
				VALIDATE_PRODUCT = YES;
			};
			name = Release;
		};
		92BD60AC265A45B500094B59 /* Debug */ = {
			isa = XCBuildConfiguration;
			buildSettings = {
				ASSETCATALOG_COMPILER_APPICON_NAME = AppIcon;
				ASSETCATALOG_COMPILER_GLOBAL_ACCENT_COLOR_NAME = AccentColor;
				CODE_SIGN_STYLE = Automatic;
				INFOPLIST_FILE = PenCakeApp/Info.plist;
				LD_RUNPATH_SEARCH_PATHS = (
					"$(inherited)",
					"@executable_path/Frameworks",
				);
				PRODUCT_BUNDLE_IDENTIFIER = soyeon.PenCakeApp;
				PRODUCT_NAME = "$(TARGET_NAME)";
				SWIFT_VERSION = 5.0;
				TARGETED_DEVICE_FAMILY = "1,2";
			};
			name = Debug;
		};
		92BD60AD265A45B500094B59 /* Release */ = {
			isa = XCBuildConfiguration;
			buildSettings = {
				ASSETCATALOG_COMPILER_APPICON_NAME = AppIcon;
				ASSETCATALOG_COMPILER_GLOBAL_ACCENT_COLOR_NAME = AccentColor;
				CODE_SIGN_STYLE = Automatic;
				INFOPLIST_FILE = PenCakeApp/Info.plist;
				LD_RUNPATH_SEARCH_PATHS = (
					"$(inherited)",
					"@executable_path/Frameworks",
				);
				PRODUCT_BUNDLE_IDENTIFIER = soyeon.PenCakeApp;
				PRODUCT_NAME = "$(TARGET_NAME)";
				SWIFT_VERSION = 5.0;
				TARGETED_DEVICE_FAMILY = "1,2";
			};
			name = Release;
		};
/* End XCBuildConfiguration section */

/* Begin XCConfigurationList section */
		92BD6092265A45B400094B59 /* Build configuration list for PBXProject "PenCakeApp" */ = {
			isa = XCConfigurationList;
			buildConfigurations = (
				92BD60A9265A45B500094B59 /* Debug */,
				92BD60AA265A45B500094B59 /* Release */,
			);
			defaultConfigurationIsVisible = 0;
			defaultConfigurationName = Release;
		};
		92BD60AB265A45B500094B59 /* Build configuration list for PBXNativeTarget "PenCakeApp" */ = {
			isa = XCConfigurationList;
			buildConfigurations = (
				92BD60AC265A45B500094B59 /* Debug */,
				92BD60AD265A45B500094B59 /* Release */,
			);
			defaultConfigurationIsVisible = 0;
			defaultConfigurationName = Release;
		};
/* End XCConfigurationList section */
	};
	rootObject = 92BD608F265A45B400094B59 /* Project object */;
}
